{
  "name": "biem-client-portal",
  "version": "1.0.0",
  "lockfileVersion": 3,
  "requires": true,
  "packages": {
    "": {
      "name": "biem-client-portal",
      "version": "1.0.0",
      "dependencies": {
        "@supabase/supabase-js": "file:packages/supabase-js"
      },
      "devDependencies": {
        "typescript": "6.0.3"
      },
      "engines": {
        "node": "20.x"
      }
    },
    "node_modules/@supabase/supabase-js": {
      "resolved": "packages/supabase-js",
      "link": true
    },
    "node_modules/typescript": {
      "version": "6.0.3",
      "resolved": "https://registry.npmjs.org/typescript/-/typescript-6.0.3.tgz",
      "dev": true,
      "license": "Apache-2.0",
      "bin": {
        "tsc": "bin/tsc",
        "tsserver": "bin/tsserver"
      },
      "engines": {
        "node": ">=14.17"
      }
    },
    "packages/supabase-js": {
      "name": "@supabase/supabase-js",
      "version": "2.107.0"
    }
  }
}
